// !$*UTF8*$!
{
	archiveVersion = 1;
	classes = {
	};
	objectVersion = 51;
	objects = {

/* Begin PBXBuildFile section */
		0290F2DBD660DBCDE18150E7 /* Pods_SearchFlowTests.framework in Frameworks */ = {isa = PBXBuildFile; fileRef = 3082969C8176912FD5E09E03 /* Pods_SearchFlowTests.framework */; };
		899F34E7C2DC00E681288AB2 /* Pods_SearchFlow.framework in Frameworks */ = {isa = PBXBuildFile; fileRef = 2E719D1F8646F3E2B1EC01F0 /* Pods_SearchFlow.framework */; };
		D198C44824D6B53700CBFAD7 /* AppDelegate.swift in Sources */ = {isa = PBXBuildFile; fileRef = D198C44724D6B53700CBFAD7 /* AppDelegate.swift */; };
		D198C44A24D6B53700CBFAD7 /* SceneDelegate.swift in Sources */ = {isa = PBXBuildFile; fileRef = D198C44924D6B53700CBFAD7 /* SceneDelegate.swift */; };
		D198C44C24D6B53700CBFAD7 /* ContentView.swift in Sources */ = {isa = PBXBuildFile; fileRef = D198C44B24D6B53700CBFAD7 /* ContentView.swift */; };
		D198C44E24D6B53A00CBFAD7 /* Assets.xcassets in Resources */ = {isa = PBXBuildFile; fileRef = D198C44D24D6B53A00CBFAD7 /* Assets.xcassets */; };
		D198C45124D6B53A00CBFAD7 /* Preview Assets.xcassets in Resources */ = {isa = PBXBuildFile; fileRef = D198C45024D6B53A00CBFAD7 /* Preview Assets.xcassets */; };
		D198C45424D6B53A00CBFAD7 /* LaunchScreen.storyboard in Resources */ = {isa = PBXBuildFile; fileRef = D198C45224D6B53A00CBFAD7 /* LaunchScreen.storyboard */; };
/* End PBXBuildFile section */

/* Begin PBXContainerItemProxy section */
		D198C45B24D6B53A00CBFAD7 /* PBXContainerItemProxy */ = {
			isa = PBXContainerItemProxy;
			containerPortal = D198C43C24D6B53700CBFAD7 /* Project object */;
			proxyType = 1;
			remoteGlobalIDString = D198C44324D6B53700CBFAD7;
			remoteInfo = SearchFlow;
		};
/* End PBXContainerItemProxy section */

/* Begin PBXFileReference section */
		2525EF4CE0D33A0F85B30A1D /* Pods-SearchFlowTests.debug.xcconfig */ = {isa = PBXFileReference; includeInIndex = 1; lastKnownFileType = text.xcconfig; name = "Pods-SearchFlowTests.debug.xcconfig"; path = "Target Support Files/Pods-SearchFlowTests/Pods-SearchFlowTests.debug.xcconfig"; sourceTree = "<group>"; };
		2E719D1F8646F3E2B1EC01F0 /* Pods_SearchFlow.framework */ = {isa = PBXFileReference; explicitFileType = wrapper.framework; includeInIndex = 0; path = Pods_SearchFlow.framework; sourceTree = BUILT_PRODUCTS_DIR; };
		3082969C8176912FD5E09E03 /* Pods_SearchFlowTests.framework */ = {isa = PBXFileReference; explicitFileType = wrapper.framework; includeInIndex = 0; path = Pods_SearchFlowTests.framework; sourceTree = BUILT_PRODUCTS_DIR; };
		695554ECA7563E1CAFE64FE0 /* Pods-SearchFlowTests.release.xcconfig */ = {isa = PBXFileReference; includeInIndex = 1; lastKnownFileType = text.xcconfig; name = "Pods-SearchFlowTests.release.xcconfig"; path = "Target Support Files/Pods-SearchFlowTests/Pods-SearchFlowTests.release.xcconfig"; sourceTree = "<group>"; };
		794023F09BE04C8E3A4F1F0A /* Pods-SearchFlow.debug.xcconfig */ = {isa = PBXFileReference; includeInIndex = 1; lastKnownFileType = text.xcconfig; name = "Pods-SearchFlow.debug.xcconfig"; path = "Target Support Files/Pods-SearchFlow/Pods-SearchFlow.debug.xcconfig"; sourceTree = "<group>"; };
		AB6F1B9F64B36831523A49A3 /* Pods-SearchFlow.release.xcconfig */ = {isa = PBXFileReference; includeInIndex = 1; lastKnownFileType = text.xcconfig; name = "Pods-SearchFlow.release.xcconfig"; path = "Target Support Files/Pods-SearchFlow/Pods-SearchFlow.release.xcconfig"; sourceTree = "<group>"; };
		D198C44424D6B53700CBFAD7 /* SearchFlow.app */ = {isa = PBXFileReference; explicitFileType = wrapper.application; includeInIndex = 0; path = SearchFlow.app; sourceTree = BUILT_PRODUCTS_DIR; };
		D198C44724D6B53700CBFAD7 /* AppDelegate.swift */ = {isa = PBXFileReference; lastKnownFileType = sourcecode.swift; path = AppDelegate.swift; sourceTree = "<group>"; };
		D198C44924D6B53700CBFAD7 /* SceneDelegate.swift */ = {isa = PBXFileReference; lastKnownFileType = sourcecode.swift; path = SceneDelegate.swift; sourceTree = "<group>"; };
		D198C44B24D6B53700CBFAD7 /* ContentView.swift */ = {isa = PBXFileReference; lastKnownFileType = sourcecode.swift; path = ContentView.swift; sourceTree = "<group>"; };
		D198C44D24D6B53A00CBFAD7 /* Assets.xcassets */ = {isa = PBXFileReference; lastKnownFileType = folder.assetcatalog; path = Assets.xcassets; sourceTree = "<group>"; };
		D198C45024D6B53A00CBFAD7 /* Preview Assets.xcassets */ = {isa = PBXFileReference; lastKnownFileType = folder.assetcatalog; path = "Preview Assets.xcassets"; sourceTree = "<group>"; };
		D198C45324D6B53A00CBFAD7 /* Base */ = {isa = PBXFileReference; lastKnownFileType = file.storyboard; name = Base; path = Base.lproj/LaunchScreen.storyboard; sourceTree = "<group>"; };
		D198C45524D6B53A00CBFAD7 /* Info.plist */ = {isa = PBXFileReference; lastKnownFileType = text.plist.xml; path = Info.plist; sourceTree = "<group>"; };
		D198C45A24D6B53A00CBFAD7 /* SearchFlowTests.xctest */ = {isa = PBXFileReference; explicitFileType = wrapper.cfbundle; includeInIndex = 0; path = SearchFlowTests.xctest; sourceTree = BUILT_PRODUCTS_DIR; };
		D198C45E24D6B53A00CBFAD7 /* SearchFlowTests.swift */ = {isa = PBXFileReference; lastKnownFileType = sourcecode.swift; path = SearchFlowTests.swift; sourceTree = "<group>"; };
		D198C46024D6B53A00CBFAD7 /* Info.plist */ = {isa = PBXFileReference; lastKnownFileType = text.plist.xml; path = Info.plist; sourceTree = "<group>"; };
/* End PBXFileReference section */

/* Begin PBXFrameworksBuildPhase section */
		D198C44124D6B53700CBFAD7 /* Frameworks */ = {
			isa = PBXFrameworksBuildPhase;
			buildActionMask = 2147483647;
			files = (
				899F34E7C2DC00E681288AB2 /* Pods_SearchFlow.framework in Frameworks */,
			);
			runOnlyForDeploymentPostprocessing = 0;
		};
		D198C45724D6B53A00CBFAD7 /* Frameworks */ = {
			isa = PBXFrameworksBuildPhase;
			buildActionMask = 2147483647;
			files = (
				0290F2DBD660DBCDE18150E7 /* Pods_SearchFlowTests.framework in Frameworks */,
			);
			runOnlyForDeploymentPostprocessing = 0;
		};
/* End PBXFrameworksBuildPhase section */

/* Begin PBXGroup section */
		36EC916E27112E5E64390957 /* Pods */ = {
			isa = PBXGroup;
			children = (
				794023F09BE04C8E3A4F1F0A /* Pods-SearchFlow.debug.xcconfig */,
				AB6F1B9F64B36831523A49A3 /* Pods-SearchFlow.release.xcconfig */,
				2525EF4CE0D33A0F85B30A1D /* Pods-SearchFlowTests.debug.xcconfig */,
				695554ECA7563E1CAFE64FE0 /* Pods-SearchFlowTests.release.xcconfig */,
			);
			path = Pods;
			sourceTree = "<group>";
		};
		84878EFA7302DFBB81FAF60F /* Frameworks */ = {
			isa = PBXGroup;
			children = (
				2E719D1F8646F3E2B1EC01F0 /* Pods_SearchFlow.framework */,
				3082969C8176912FD5E09E03 /* Pods_SearchFlowTests.framework */,
			);
			name = Frameworks;
			sourceTree = "<group>";
		};
		D198C43B24D6B53700CBFAD7 = {
			isa = PBXGroup;
			children = (
				D198C44624D6B53700CBFAD7 /* SearchFlow */,
				D198C45D24D6B53A00CBFAD7 /* SearchFlowTests */,
				D198C44524D6B53700CBFAD7 /* Products */,
				36EC916E27112E5E64390957 /* Pods */,
				84878EFA7302DFBB81FAF60F /* Frameworks */,
			);
			sourceTree = "<group>";
		};
		D198C44524D6B53700CBFAD7 /* Products */ = {
			isa = PBXGroup;
			children = (
				D198C44424D6B53700CBFAD7 /* SearchFlow.app */,
				D198C45A24D6B53A00CBFAD7 /* SearchFlowTests.xctest */,
			);
			name = Products;
			sourceTree = "<group>";
		};
		D198C44624D6B53700CBFAD7 /* SearchFlow */ = {
			isa = PBXGroup;
			children = (
				D198C44724D6B53700CBFAD7 /* AppDelegate.swift */,
				D198C44924D6B53700CBFAD7 /* SceneDelegate.swift */,
				D198C44B24D6B53700CBFAD7 /* ContentView.swift */,
				D198C44D24D6B53A00CBFAD7 /* Assets.xcassets */,
				D198C45224D6B53A00CBFAD7 /* LaunchScreen.storyboard */,
				D198C45524D6B53A00CBFAD7 /* Info.plist */,
				D198C44F24D6B53A00CBFAD7 /* Preview Content */,
			);
			path = SearchFlow;
			sourceTree = "<group>";
		};
		D198C44F24D6B53A00CBFAD7 /* Preview Content */ = {
			isa = PBXGroup;
			children = (
				D198C45024D6B53A00CBFAD7 /* Preview Assets.xcassets */,
			);
			path = "Preview Content";
			sourceTree = "<group>";
		};
		D198C45D24D6B53A00CBFAD7 /* SearchFlowTests */ = {
			isa = PBXGroup;
			children = (
				D198C45E24D6B53A00CBFAD7 /* SearchFlowTests.swift */,
				D198C46024D6B53A00CBFAD7 /* Info.plist */,
			);
			path = SearchFlowTests;
			sourceTree = "<group>";
		};
/* End PBXGroup section */

/* Begin PBXNativeTarget section */
		D198C44324D6B53700CBFAD7 /* SearchFlow */ = {
			isa = PBXNativeTarget;
			buildConfigurationList = D198C46324D6B53A00CBFAD7 /* Build configuration list for PBXNativeTarget "SearchFlow" */;
			buildPhases = (
				A151D10F86DA79C15BB65898 /* [CP] Check Pods Manifest.lock */,
				D198C44024D6B53700CBFAD7 /* Sources */,
				D198C44124D6B53700CBFAD7 /* Frameworks */,
				D198C44224D6B53700CBFAD7 /* Resources */,
				26099A4E754C0A7B2F611B14 /* [CP] Embed Pods Frameworks */,
			);
			buildRules = (
			);
			dependencies = (
			);
			name = SearchFlow;
			productName = SearchFlow;
			productReference = D198C44424D6B53700CBFAD7 /* SearchFlow.app */;
			productType = "com.apple.product-type.application";
		};
		D198C45924D6B53A00CBFAD7 /* SearchFlowTests */ = {
			isa = PBXNativeTarget;
			buildConfigurationList = D198C46624D6B53A00CBFAD7 /* Build configuration list for PBXNativeTarget "SearchFlowTests" */;
			buildPhases = (
				FF8CF3F8F28B159B8BF845FF /* [CP] Check Pods Manifest.lock */,
				D198C45624D6B53A00CBFAD7 /* Sources */,
				D198C45724D6B53A00CBFAD7 /* Frameworks */,
				D198C45824D6B53A00CBFAD7 /* Resources */,
			);
			buildRules = (
			);
			dependencies = (
				D198C45C24D6B53A00CBFAD7 /* PBXTargetDependency */,
			);
			name = SearchFlowTests;
			productName = SearchFlowTests;
			productReference = D198C45A24D6B53A00CBFAD7 /* SearchFlowTests.xctest */;
			productType = "com.apple.product-type.bundle.unit-test";
		};
/* End PBXNativeTarget section */

/* Begin PBXProject section */
		D198C43C24D6B53700CBFAD7 /* Project object */ = {
			isa = PBXProject;
			attributes = {
				LastSwiftUpdateCheck = 1160;
				LastUpgradeCheck = 1160;
				ORGANIZATIONNAME = "罗博";
				TargetAttributes = {
					D198C44324D6B53700CBFAD7 = {
						CreatedOnToolsVersion = 11.6;
					};
					D198C45924D6B53A00CBFAD7 = {
						CreatedOnToolsVersion = 11.6;
						TestTargetID = D198C44324D6B53700CBFAD7;
					};
				};
			};
			buildConfigurationList = D198C43F24D6B53700CBFAD7 /* Build configuration list for PBXProject "SearchFlow" */;
			compatibilityVersion = "Xcode 9.3";
			developmentRegion = en;
			hasScannedForEncodings = 0;
			knownRegions = (
				en,
				Base,
			);
			mainGroup = D198C43B24D6B53700CBFAD7;
			productRefGroup = D198C44524D6B53700CBFAD7 /* Products */;
			projectDirPath = "";
			projectRoot = "";
			targets = (
				D198C44324D6B53700CBFAD7 /* SearchFlow */,
				D198C45924D6B53A00CBFAD7 /* SearchFlowTests */,
			);
		};
/* End PBXProject section */

/* Begin PBXResourcesBuildPhase section */
		D198C44224D6B53700CBFAD7 /* Resources */ = {
			isa = PBXResourcesBuildPhase;
			buildActionMask = 2147483647;
			files = (
				D198C45424D6B53A00CBFAD7 /* LaunchScreen.storyboard in Resources */,
				D198C45124D6B53A00CBFAD7 /* Preview Assets.xcassets in Resources */,
				D198C44E24D6B53A00CBFAD7 /* Assets.xcassets in Resources */,
			);
			runOnlyForDeploymentPostprocessing = 0;
		};
		D198C45824D6B53A00CBFAD7 /* Resources */ = {
			isa = PBXResourcesBuildPhase;
			buildActionMask = 2147483647;
			files = (
			);
			runOnlyForDeploymentPostprocessing = 0;
		};
/* End PBXResourcesBuildPhase section */

/* Begin PBXShellScriptBuildPhase section */
		26099A4E754C0A7B2F611B14 /* [CP] Embed Pods Frameworks */ = {
			isa = PBXShellScriptBuildPhase;
			buildActionMask = 2147483647;
			files = (
			);
			inputFileListPaths = (
				"${PODS_ROOT}/Target Support Files/Pods-SearchFlow/Pods-SearchFlow-frameworks-${CONFIGURATION}-input-files.xcfilelist",
			);
			name = "[CP] Embed Pods Frameworks";
			outputFileListPaths = (
				"${PODS_ROOT}/Target Support Files/Pods-SearchFlow/Pods-SearchFlow-frameworks-${CONFIGURATION}-output-files.xcfilelist",
			);
			runOnlyForDeploymentPostprocessing = 0;
			shellPath = /bin/sh;
			shellScript = "\"${PODS_ROOT}/Target Support Files/Pods-SearchFlow/Pods-SearchFlow-frameworks.sh\"\n";
			showEnvVarsInLog = 0;
		};
		A151D10F86DA79C15BB65898 /* [CP] Check Pods Manifest.lock */ = {
			isa = PBXShellScriptBuildPhase;
			buildActionMask = 2147483647;
			files = (
			);
			inputFileListPaths = (
			);
			inputPaths = (
				"${PODS_PODFILE_DIR_PATH}/Podfile.lock",
				"${PODS_ROOT}/Manifest.lock",
			);
			name = "[CP] Check Pods Manifest.lock";
			outputFileListPaths = (
			);
			outputPaths = (
				"$(DERIVED_FILE_DIR)/Pods-SearchFlow-checkManifestLockResult.txt",
			);
			runOnlyForDeploymentPostprocessing = 0;
			shellPath = /bin/sh;
			shellScript = "diff \"${PODS_PODFILE_DIR_PATH}/Podfile.lock\" \"${PODS_ROOT}/Manifest.lock\" > /dev/null\nif [ $? != 0 ] ; then\n    # print error to STDERR\n    echo \"error: The sandbox is not in sync with the Podfile.lock. Run 'pod install' or update your CocoaPods installation.\" >&2\n    exit 1\nfi\n# This output is used by Xcode 'outputs' to avoid re-running this script phase.\necho \"SUCCESS\" > \"${SCRIPT_OUTPUT_FILE_0}\"\n";
			showEnvVarsInLog = 0;
		};
		FF8CF3F8F28B159B8BF845FF /* [CP] Check Pods Manifest.lock */ = {
			isa = PBXShellScriptBuildPhase;
			buildActionMask = 2147483647;
			files = (
			);
			inputFileListPaths = (
			);
			inputPaths = (
				"${PODS_PODFILE_DIR_PATH}/Podfile.lock",
				"${PODS_ROOT}/Manifest.lock",
			);
			name = "[CP] Check Pods Manifest.lock";
			outputFileListPaths = (
			);
			outputPaths = (
				"$(DERIVED_FILE_DIR)/Pods-SearchFlowTests-checkManifestLockResult.txt",
			);
			runOnlyForDeploymentPostprocessing = 0;
			shellPath = /bin/sh;
			shellScript = "diff \"${PODS_PODFILE_DIR_PATH}/Podfile.lock\" \"${PODS_ROOT}/Manifest.lock\" > /dev/null\nif [ $? != 0 ] ; then\n    # print error to STDERR\n    echo \"error: The sandbox is not in sync with the Podfile.lock. Run 'pod install' or update your CocoaPods installation.\" >&2\n    exit 1\nfi\n# This output is used by Xcode 'outputs' to avoid re-running this script phase.\necho \"SUCCESS\" > \"${SCRIPT_OUTPUT_FILE_0}\"\n";
			showEnvVarsInLog = 0;
		};
/* End PBXShellScriptBuildPhase section */

/* Begin PBXSourcesBuildPhase section */
		D198C44024D6B53700CBFAD7 /* Sources */ = {
			isa = PBXSourcesBuildPhase;
			buildActionMask = 2147483647;
			files = (
				D198C44824D6B53700CBFAD7 /* AppDelegate.swift in Sources */,
				D198C44A24D6B53700CBFAD7 /* SceneDelegate.swift in Sources */,
				D198C44C24D6B53700CBFAD7 /* ContentView.swift in Sources */,
			);
			runOnlyForDeploymentPostprocessing = 0;
		};
		D198C45624D6B53A00CBFAD7 /* Sources */ = {
			isa = PBXSourcesBuildPhase;
			buildActionMask = 2147483647;
			files = (
			);
			runOnlyForDeploymentPostprocessing = 0;
		};
/* End PBXSourcesBuildPhase section */

/* Begin PBXTargetDependency section */
		D198C45C24D6B53A00CBFAD7 /* PBXTargetDependency */ = {
			isa = PBXTargetDependency;
			target = D198C44324D6B53700CBFAD7 /* SearchFlow */;
			targetProxy = D198C45B24D6B53A00CBFAD7 /* PBXContainerItemProxy */;
		};
/* End PBXTargetDependency section */

/* Begin PBXVariantGroup section */
		D198C45224D6B53A00CBFAD7 /* LaunchScreen.storyboard */ = {
			isa = PBXVariantGroup;
			children = (
				D198C45324D6B53A00CBFAD7 /* Base */,
			);
			name = LaunchScreen.storyboard;
			sourceTree = "<group>";
		};
/* End PBXVariantGroup section */

/* Begin XCBuildConfiguration section */
		D198C46124D6B53A00CBFAD7 /* Debug */ = {
			isa = XCBuildConfiguration;
			buildSettings = {
				ALWAYS_SEARCH_USER_PATHS = NO;
				CLANG_ANALYZER_NONNULL = YES;
				CLANG_ANALYZER_NUMBER_OBJECT_CONVERSION = YES_AGGRESSIVE;
				CLANG_CXX_LANGUAGE_STANDARD = "gnu++14";
				CLANG_CXX_LIBRARY = "libc++";
				CLANG_ENABLE_MODULES = YES;
				CLANG_ENABLE_OBJC_ARC = YES;
				CLANG_ENABLE_OBJC_WEAK = YES;
				CLANG_WARN_BLOCK_CAPTURE_AUTORELEASING = YES;
				CLANG_WARN_BOOL_CONVERSION = YES;
				CLANG_WARN_COMMA = YES;
				CLANG_WARN_CONSTANT_CONVERSION = YES;
				CLANG_WARN_DEPRECATED_OBJC_IMPLEMENTATIONS = YES;
				CLANG_WARN_DIRECT_OBJC_ISA_USAGE = YES_ERROR;
				CLANG_WARN_DOCUMENTATION_COMMENTS = YES;
				CLANG_WARN_EMPTY_BODY = YES;
				CLANG_WARN_ENUM_CONVERSION = YES;
				CLANG_WARN_INFINITE_RECURSION = YES;
				CLANG_WARN_INT_CONVERSION = YES;
				CLANG_WARN_NON_LITERAL_NULL_CONVERSION = YES;
				CLANG_WARN_OBJC_IMPLICIT_RETAIN_SELF = YES;
				CLANG_WARN_OBJC_LITERAL_CONVERSION = YES;
				CLANG_WARN_OBJC_ROOT_CLASS = YES_ERROR;
				CLANG_WARN_RANGE_LOOP_ANALYSIS = YES;
				CLANG_WARN_STRICT_PROTOTYPES = YES;
				CLANG_WARN_SUSPICIOUS_MOVE = YES;
				CLANG_WARN_UNGUARDED_AVAILABILITY = YES_AGGRESSIVE;
				CLANG_WARN_UNREACHABLE_CODE = YES;
				CLANG_WARN__DUPLICATE_METHOD_MATCH = YES;
				COPY_PHASE_STRIP = NO;
				DEBUG_INFORMATION_FORMAT = dwarf;
				ENABLE_STRICT_OBJC_MSGSEND = YES;
				ENABLE_TESTABILITY = YES;
				GCC_C_LANGUAGE_STANDARD = gnu11;
				GCC_DYNAMIC_NO_PIC = NO;
				GCC_NO_COMMON_BLOCKS = YES;
				GCC_OPTIMIZATION_LEVEL = 0;
				GCC_PREPROCESSOR_DEFINITIONS = (
					"DEBUG=1",
					"$(inherited)",
				);
				GCC_WARN_64_TO_32_BIT_CONVERSION = YES;
				GCC_WARN_ABOUT_RETURN_TYPE = YES_ERROR;
				GCC_WARN_UNDECLARED_SELECTOR = YES;
				GCC_WARN_UNINITIALIZED_AUTOS = YES_AGGRESSIVE;
				GCC_WARN_UNUSED_FUNCTION = YES;
				GCC_WARN_UNUSED_VARIABLE = YES;
				IPHONEOS_DEPLOYMENT_TARGET = 13.6;
				MTL_ENABLE_DEBUG_INFO = INCLUDE_SOURCE;
				MTL_FAST_MATH = YES;
				ONLY_ACTIVE_ARCH = YES;
				PRODUCT_MODULE_NAME = SearchFlow;
				SDKROOT = iphoneos;
				SWIFT_ACTIVE_COMPILATION_CONDITIONS = DEBUG;
				SWIFT_OPTIMIZATION_LEVEL = "-Onone";
			};
			name = Debug;
		};
		D198C46224D6B53A00CBFAD7 /* Release */ = {
			isa = XCBuildConfiguration;
			buildSettings = {
				ALWAYS_SEARCH_USER_PATHS = NO;
				CLANG_ANALYZER_NONNULL = YES;
				CLANG_ANALYZER_NUMBER_OBJECT_CONVERSION = YES_AGGRESSIVE;
				CLANG_CXX_LANGUAGE_STANDARD = "gnu++14";
				CLANG_CXX_LIBRARY = "libc++";
				CLANG_ENABLE_MODULES = YES;
				CLANG_ENABLE_OBJC_ARC = YES;
				CLANG_ENABLE_OBJC_WEAK = YES;
				CLANG_WARN_BLOCK_CAPTURE_AUTORELEASING = YES;
				CLANG_WARN_BOOL_CONVERSION = YES;
				CLANG_WARN_COMMA = YES;
				CLANG_WARN_CONSTANT_CONVERSION = YES;
				CLANG_WARN_DEPRECATED_OBJC_IMPLEMENTATIONS = YES;
				CLANG_WARN_DIRECT_OBJC_ISA_USAGE = YES_ERROR;
				CLANG_WARN_DOCUMENTATION_COMMENTS = YES;
				CLANG_WARN_EMPTY_BODY = YES;
				CLANG_WARN_ENUM_CONVERSION = YES;
				CLANG_WARN_INFINITE_RECURSION = YES;
				CLANG_WARN_INT_CONVERSION = YES;
				CLANG_WARN_NON_LITERAL_NULL_CONVERSION = YES;
				CLANG_WARN_OBJC_IMPLICIT_RETAIN_SELF = YES;
				CLANG_WARN_OBJC_LITERAL_CONVERSION = YES;
				CLANG_WARN_OBJC_ROOT_CLASS = YES_ERROR;
				CLANG_WARN_RANGE_LOOP_ANALYSIS = YES;
				CLANG_WARN_STRICT_PROTOTYPES = YES;
				CLANG_WARN_SUSPICIOUS_MOVE = YES;
				CLANG_WARN_UNGUARDED_AVAILABILITY = YES_AGGRESSIVE;
				CLANG_WARN_UNREACHABLE_CODE = YES;
				CLANG_WARN__DUPLICATE_METHOD_MATCH = YES;
				COPY_PHASE_STRIP = NO;
				DEBUG_INFORMATION_FORMAT = "dwarf-with-dsym";
				ENABLE_NS_ASSERTIONS = NO;
				ENABLE_STRICT_OBJC_MSGSEND = YES;
				GCC_C_LANGUAGE_STANDARD = gnu11;
				GCC_NO_COMMON_BLOCKS = YES;
				GCC_WARN_64_TO_32_BIT_CONVERSION = YES;
				GCC_WARN_ABOUT_RETURN_TYPE = YES_ERROR;
				GCC_WARN_UNDECLARED_SELECTOR = YES;
				GCC_WARN_UNINITIALIZED_AUTOS = YES_AGGRESSIVE;
				GCC_WARN_UNUSED_FUNCTION = YES;
				GCC_WARN_UNUSED_VARIABLE = YES;
				IPHONEOS_DEPLOYMENT_TARGET = 13.6;
				MTL_ENABLE_DEBUG_INFO = NO;
				MTL_FAST_MATH = YES;
				PRODUCT_MODULE_NAME = SearchFlow;
				SDKROOT = iphoneos;
				SWIFT_COMPILATION_MODE = wholemodule;
				SWIFT_OPTIMIZATION_LEVEL = "-O";
				VALIDATE_PRODUCT = YES;
			};
			name = Release;
		};
		D198C46424D6B53A00CBFAD7 /* Debug */ = {
			isa = XCBuildConfiguration;
			baseConfigurationReference = 794023F09BE04C8E3A4F1F0A /* Pods-SearchFlow.debug.xcconfig */;
			buildSettings = {
				ASSETCATALOG_COMPILER_APPICON_NAME = AppIcon;
				CODE_SIGN_STYLE = Automatic;
				DEVELOPMENT_ASSET_PATHS = "\"SearchFlow/Preview Content\"";
				DEVELOPMENT_TEAM = 4PRY2DVSXU;
				ENABLE_PREVIEWS = YES;
				INFOPLIST_FILE = SearchFlow/Info.plist;
				IPHONEOS_DEPLOYMENT_TARGET = 13.0;
				LD_RUNPATH_SEARCH_PATHS = (
					"$(inherited)",
					"@executable_path/Frameworks",
				);
				PRODUCT_BUNDLE_IDENTIFIER = com.Robert.SearchFlow;
				PRODUCT_NAME = "$(TARGET_NAME)";
				SWIFT_VERSION = 5.0;
				TARGETED_DEVICE_FAMILY = "1,2";
			};
			name = Debug;
		};
		D198C46524D6B53A00CBFAD7 /* Release */ = {
			isa = XCBuildConfiguration;
			baseConfigurationReference = AB6F1B9F64B36831523A49A3 /* Pods-SearchFlow.release.xcconfig */;
			buildSettings = {
				ASSETCATALOG_COMPILER_APPICON_NAME = AppIcon;
				CODE_SIGN_STYLE = Automatic;
				DEVELOPMENT_ASSET_PATHS = "\"SearchFlow/Preview Content\"";
				DEVELOPMENT_TEAM = 4PRY2DVSXU;
				ENABLE_PREVIEWS = YES;
				INFOPLIST_FILE = SearchFlow/Info.plist;
				IPHONEOS_DEPLOYMENT_TARGET = 13.0;
				LD_RUNPATH_SEARCH_PATHS = (
					"$(inherited)",
					"@executable_path/Frameworks",
				);
				PRODUCT_BUNDLE_IDENTIFIER = com.Robert.SearchFlow;
				PRODUCT_NAME = "$(TARGET_NAME)";
				SWIFT_VERSION = 5.0;
				TARGETED_DEVICE_FAMILY = "1,2";
			};
			name = Release;
		};
		D198C46724D6B53A00CBFAD7 /* Debug */ = {
			isa = XCBuildConfiguration;
			baseConfigurationReference = 2525EF4CE0D33A0F85B30A1D /* Pods-SearchFlowTests.debug.xcconfig */;
			buildSettings = {
				ALWAYS_EMBED_SWIFT_STANDARD_LIBRARIES = YES;
				BUNDLE_LOADER = "$(TEST_HOST)";
				CODE_SIGN_STYLE = Automatic;
				INFOPLIST_FILE = SearchFlowTests/Info.plist;
				IPHONEOS_DEPLOYMENT_TARGET = 13.6;
				LD_RUNPATH_SEARCH_PATHS = (
					"$(inherited)",
					"@executable_path/Frameworks",
					"@loader_path/Frameworks",
				);
				PRODUCT_BUNDLE_IDENTIFIER = com.Robert.SearchFlowTests;
				PRODUCT_NAME = "$(TARGET_NAME)";
				SWIFT_VERSION = 5.0;
				TARGETED_DEVICE_FAMILY = "1,2";
				TEST_HOST = "$(BUILT_PRODUCTS_DIR)/SearchFlow.app/SearchFlow";
			};
			name = Debug;
		};
		D198C46824D6B53A00CBFAD7 /* Release */ = {
			isa = XCBuildConfiguration;
			baseConfigurationReference = 695554ECA7563E1CAFE64FE0 /* Pods-SearchFlowTests.release.xcconfig */;
			buildSettings = {
				ALWAYS_EMBED_SWIFT_STANDARD_LIBRARIES = YES;
				BUNDLE_LOADER = "$(TEST_HOST)";
				CODE_SIGN_STYLE = Automatic;
				INFOPLIST_FILE = SearchFlowTests/Info.plist;
				IPHONEOS_DEPLOYMENT_TARGET = 13.6;
				LD_RUNPATH_SEARCH_PATHS = (
					"$(inherited)",
					"@executable_path/Frameworks",
					"@loader_path/Frameworks",
				);
				PRODUCT_BUNDLE_IDENTIFIER = com.Robert.SearchFlowTests;
				PRODUCT_NAME = "$(TARGET_NAME)";
				SWIFT_VERSION = 5.0;
				TARGETED_DEVICE_FAMILY = "1,2";
				TEST_HOST = "$(BUILT_PRODUCTS_DIR)/SearchFlow.app/SearchFlow";
			};
			name = Release;
		};
/* End XCBuildConfiguration section */

/* Begin XCConfigurationList section */
		D198C43F24D6B53700CBFAD7 /* Build configuration list for PBXProject "SearchFlow" */ = {
			isa = XCConfigurationList;
			buildConfigurations = (
				D198C46124D6B53A00CBFAD7 /* Debug */,
				D198C46224D6B53A00CBFAD7 /* Release */,
			);
			defaultConfigurationIsVisible = 0;
			defaultConfigurationName = Release;
		};
		D198C46324D6B53A00CBFAD7 /* Build configuration list for PBXNativeTarget "SearchFlow" */ = {
			isa = XCConfigurationList;
			buildConfigurations = (
				D198C46424D6B53A00CBFAD7 /* Debug */,
				D198C46524D6B53A00CBFAD7 /* Release */,
			);
			defaultConfigurationIsVisible = 0;
			defaultConfigurationName = Release;
		};
		D198C46624D6B53A00CBFAD7 /* Build configuration list for PBXNativeTarget "SearchFlowTests" */ = {
			isa = XCConfigurationList;
			buildConfigurations = (
				D198C46724D6B53A00CBFAD7 /* Debug */,
				D198C46824D6B53A00CBFAD7 /* Release */,
			);
			defaultConfigurationIsVisible = 0;
			defaultConfigurationName = Release;
		};
/* End XCConfigurationList section */
	};
	rootObject = D198C43C24D6B53700CBFAD7 /* Project object */;
}
